
Microsoft Visual Studio Solution File, Format Version 12.00
# Visual Studio Version 16
VisualStudioVersion = 16.0.30011.22
MinimumVisualStudioVersion = 10.0.40219.1
Project("{FAE04EC0-301F-11D3-BF4B-00C04F79EFBC}") = "Exercise4", "Exercise4\Exercise4.csproj", "{94709DBA-4501-4D2C-9FE5-68686DAC2992}"
EndProject
Global
	GlobalSection(SolutionConfigurationPlatforms) = preSolution
		Debug|Any CPU = Debug|Any CPU
		Release|Any CPU = Release|Any CPU
	EndGlobalSection
	GlobalSection(ProjectConfigurationPlatforms) = postSolution
		{94709DBA-4501-4D2C-9FE5-68686DAC2992}.Debug|Any CPU.ActiveCfg = Debug|Any CPU
		{94709DBA-4501-4D2C-9FE5-68686DAC2992}.Debug|Any CPU.Build.0 = Debug|Any CPU
		{94709DBA-4501-4D2C-9FE5-68686DAC2992}.Release|Any CPU.ActiveCfg = Release|Any CPU
		{94709DBA-4501-4D2C-9FE5-68686DAC2992}.Release|Any CPU.Build.0 = Release|Any CPU
	EndGlobalSection
	GlobalSection(SolutionProperties) = preSolution
		HideSolutionNode = FALSE
	EndGlobalSection
	GlobalSection(ExtensibilityGlobals) = postSolution
		SolutionGuid = {7ED552E9-3170-4618-A010-016888FCBED0}
	EndGlobalSection
EndGlobal
